// !$*UTF8*$!
{
	archiveVersion = 1;
	classes = {
	};
	objectVersion = 56;
	objects = {

/* Begin PBXBuildFile section */
		A072717628BA4B1300D354DC /* iOS16_SwiftUI_ShowdownApp.swift in Sources */ = {isa = PBXBuildFile; fileRef = A072717528BA4B1300D354DC /* iOS16_SwiftUI_ShowdownApp.swift */; };
		A072717828BA4B1300D354DC /* ContentView.swift in Sources */ = {isa = PBXBuildFile; fileRef = A072717728BA4B1300D354DC /* ContentView.swift */; };
		A072717A28BA4B1400D354DC /* Assets.xcassets in Resources */ = {isa = PBXBuildFile; fileRef = A072717928BA4B1400D354DC /* Assets.xcassets */; };
		A072717E28BA4B1400D354DC /* Preview Assets.xcassets in Resources */ = {isa = PBXBuildFile; fileRef = A072717D28BA4B1400D354DC /* Preview Assets.xcassets */; };
		A072718628BA768900D354DC /* ChartsScreen.swift in Sources */ = {isa = PBXBuildFile; fileRef = A072718528BA768900D354DC /* ChartsScreen.swift */; };
		A072718828BA779C00D354DC /* FeatureCell.swift in Sources */ = {isa = PBXBuildFile; fileRef = A072718728BA779C00D354DC /* FeatureCell.swift */; };
		A072718A28BA8CAA00D354DC /* GaugeScreen.swift in Sources */ = {isa = PBXBuildFile; fileRef = A072718928BA8CAA00D354DC /* GaugeScreen.swift */; };
		A0C81B5D28C07D5A00F46E1D /* ContentViewModel.swift in Sources */ = {isa = PBXBuildFile; fileRef = A0C81B5C28C07D5A00F46E1D /* ContentViewModel.swift */; };
		A0C81B6028C07D7500F46E1D /* Feature.swift in Sources */ = {isa = PBXBuildFile; fileRef = A0C81B5F28C07D7500F46E1D /* Feature.swift */; };
		A0C81B6228C07D8700F46E1D /* FeatureType.swift in Sources */ = {isa = PBXBuildFile; fileRef = A0C81B6128C07D8700F46E1D /* FeatureType.swift */; };
		A0C81B6628C07E1000F46E1D /* GradientsAndShadowsScreen.swift in Sources */ = {isa = PBXBuildFile; fileRef = A0C81B6528C07E1000F46E1D /* GradientsAndShadowsScreen.swift */; };
		A0EE251D28C4958200DA5698 /* ShareLinkScreen.swift in Sources */ = {isa = PBXBuildFile; fileRef = A0EE251C28C4958200DA5698 /* ShareLinkScreen.swift */; };
		A0EE252028C49E6B00DA5698 /* README.md in Resources */ = {isa = PBXBuildFile; fileRef = A0EE251F28C49E6B00DA5698 /* README.md */; };
		A0EE252228C49F3F00DA5698 /* TextFieldScreen.swift in Sources */ = {isa = PBXBuildFile; fileRef = A0EE252128C49F3F00DA5698 /* TextFieldScreen.swift */; };
		A0EE252428C4E78600DA5698 /* GridScreen.swift in Sources */ = {isa = PBXBuildFile; fileRef = A0EE252328C4E78600DA5698 /* GridScreen.swift */; };
		A0FAA4A128BB4B7900F2C87E /* JSONDecoder+Singleton.swift in Sources */ = {isa = PBXBuildFile; fileRef = A0FAA4A028BB4B7900F2C87E /* JSONDecoder+Singleton.swift */; };
/* End PBXBuildFile section */

/* Begin PBXFileReference section */
		A072717228BA4B1300D354DC /* iOS16-SwiftUI-Showdown.app */ = {isa = PBXFileReference; explicitFileType = wrapper.application; includeInIndex = 0; path = "iOS16-SwiftUI-Showdown.app"; sourceTree = BUILT_PRODUCTS_DIR; };
		A072717528BA4B1300D354DC /* iOS16_SwiftUI_ShowdownApp.swift */ = {isa = PBXFileReference; lastKnownFileType = sourcecode.swift; path = iOS16_SwiftUI_ShowdownApp.swift; sourceTree = "<group>"; };
		A072717728BA4B1300D354DC /* ContentView.swift */ = {isa = PBXFileReference; lastKnownFileType = sourcecode.swift; path = ContentView.swift; sourceTree = "<group>"; };
		A072717928BA4B1400D354DC /* Assets.xcassets */ = {isa = PBXFileReference; lastKnownFileType = folder.assetcatalog; path = Assets.xcassets; sourceTree = "<group>"; };
		A072717B28BA4B1400D354DC /* iOS16_SwiftUI_Showdown.entitlements */ = {isa = PBXFileReference; lastKnownFileType = text.plist.entitlements; path = iOS16_SwiftUI_Showdown.entitlements; sourceTree = "<group>"; };
		A072717D28BA4B1400D354DC /* Preview Assets.xcassets */ = {isa = PBXFileReference; lastKnownFileType = folder.assetcatalog; path = "Preview Assets.xcassets"; sourceTree = "<group>"; };
		A072718528BA768900D354DC /* ChartsScreen.swift */ = {isa = PBXFileReference; lastKnownFileType = sourcecode.swift; path = ChartsScreen.swift; sourceTree = "<group>"; };
		A072718728BA779C00D354DC /* FeatureCell.swift */ = {isa = PBXFileReference; lastKnownFileType = sourcecode.swift; path = FeatureCell.swift; sourceTree = "<group>"; };
		A072718928BA8CAA00D354DC /* GaugeScreen.swift */ = {isa = PBXFileReference; lastKnownFileType = sourcecode.swift; path = GaugeScreen.swift; sourceTree = "<group>"; };
		A0C81B5C28C07D5A00F46E1D /* ContentViewModel.swift */ = {isa = PBXFileReference; lastKnownFileType = sourcecode.swift; path = ContentViewModel.swift; sourceTree = "<group>"; };
		A0C81B5F28C07D7500F46E1D /* Feature.swift */ = {isa = PBXFileReference; lastKnownFileType = sourcecode.swift; path = Feature.swift; sourceTree = "<group>"; };
		A0C81B6128C07D8700F46E1D /* FeatureType.swift */ = {isa = PBXFileReference; lastKnownFileType = sourcecode.swift; path = FeatureType.swift; sourceTree = "<group>"; };
		A0C81B6528C07E1000F46E1D /* GradientsAndShadowsScreen.swift */ = {isa = PBXFileReference; lastKnownFileType = sourcecode.swift; path = GradientsAndShadowsScreen.swift; sourceTree = "<group>"; };
		A0EE251C28C4958200DA5698 /* ShareLinkScreen.swift */ = {isa = PBXFileReference; lastKnownFileType = sourcecode.swift; path = ShareLinkScreen.swift; sourceTree = "<group>"; };
		A0EE251F28C49E6B00DA5698 /* README.md */ = {isa = PBXFileReference; fileEncoding = 4; lastKnownFileType = net.daringfireball.markdown; name = README.md; path = "iOS16-SwiftUI-Showdown/README.md"; sourceTree = SOURCE_ROOT; };
		A0EE252128C49F3F00DA5698 /* TextFieldScreen.swift */ = {isa = PBXFileReference; lastKnownFileType = sourcecode.swift; path = TextFieldScreen.swift; sourceTree = "<group>"; };
		A0EE252328C4E78600DA5698 /* GridScreen.swift */ = {isa = PBXFileReference; lastKnownFileType = sourcecode.swift; path = GridScreen.swift; sourceTree = "<group>"; };
		A0FAA49F28BB43FE00F2C87E /* Info.plist */ = {isa = PBXFileReference; lastKnownFileType = text.plist; path = Info.plist; sourceTree = "<group>"; };
		A0FAA4A028BB4B7900F2C87E /* JSONDecoder+Singleton.swift */ = {isa = PBXFileReference; lastKnownFileType = sourcecode.swift; path = "JSONDecoder+Singleton.swift"; sourceTree = "<group>"; };
/* End PBXFileReference section */

/* Begin PBXFrameworksBuildPhase section */
		A072716F28BA4B1300D354DC /* Frameworks */ = {
			isa = PBXFrameworksBuildPhase;
			buildActionMask = 2147483647;
			files = (
			);
			runOnlyForDeploymentPostprocessing = 0;
		};
/* End PBXFrameworksBuildPhase section */

/* Begin PBXGroup section */
		A072716928BA4B1300D354DC = {
			isa = PBXGroup;
			children = (
				A072717428BA4B1300D354DC /* iOS16-SwiftUI-Showdown */,
				A072717328BA4B1300D354DC /* Products */,
			);
			sourceTree = "<group>";
		};
		A072717328BA4B1300D354DC /* Products */ = {
			isa = PBXGroup;
			children = (
				A072717228BA4B1300D354DC /* iOS16-SwiftUI-Showdown.app */,
			);
			name = Products;
			sourceTree = "<group>";
		};
		A072717428BA4B1300D354DC /* iOS16-SwiftUI-Showdown */ = {
			isa = PBXGroup;
			children = (
				A0C81B5E28C07D6E00F46E1D /* Models */,
				A0C81B5B28C07D4000F46E1D /* Screens */,
				A0C81B5A28C07D3600F46E1D /* Helpers */,
				A0C81B5928C07D3100F46E1D /* Views */,
				A0FAA49F28BB43FE00F2C87E /* Info.plist */,
				A072717528BA4B1300D354DC /* iOS16_SwiftUI_ShowdownApp.swift */,
				A072717728BA4B1300D354DC /* ContentView.swift */,
				A0C81B5C28C07D5A00F46E1D /* ContentViewModel.swift */,
				A072717928BA4B1400D354DC /* Assets.xcassets */,
				A072717B28BA4B1400D354DC /* iOS16_SwiftUI_Showdown.entitlements */,
				A0EE251F28C49E6B00DA5698 /* README.md */,
				A072717C28BA4B1400D354DC /* Preview Content */,
			);
			path = "iOS16-SwiftUI-Showdown";
			sourceTree = "<group>";
		};
		A072717C28BA4B1400D354DC /* Preview Content */ = {
			isa = PBXGroup;
			children = (
				A072717D28BA4B1400D354DC /* Preview Assets.xcassets */,
			);
			path = "Preview Content";
			sourceTree = "<group>";
		};
		A0C81B5928C07D3100F46E1D /* Views */ = {
			isa = PBXGroup;
			children = (
				A072718728BA779C00D354DC /* FeatureCell.swift */,
			);
			path = Views;
			sourceTree = "<group>";
		};
		A0C81B5A28C07D3600F46E1D /* Helpers */ = {
			isa = PBXGroup;
			children = (
				A0FAA4A028BB4B7900F2C87E /* JSONDecoder+Singleton.swift */,
			);
			path = Helpers;
			sourceTree = "<group>";
		};
		A0C81B5B28C07D4000F46E1D /* Screens */ = {
			isa = PBXGroup;
			children = (
				A072718528BA768900D354DC /* ChartsScreen.swift */,
				A072718928BA8CAA00D354DC /* GaugeScreen.swift */,
				A0C81B6528C07E1000F46E1D /* GradientsAndShadowsScreen.swift */,
				A0EE251C28C4958200DA5698 /* ShareLinkScreen.swift */,
				A0EE252128C49F3F00DA5698 /* TextFieldScreen.swift */,
				A0EE252328C4E78600DA5698 /* GridScreen.swift */,
			);
			path = Screens;
			sourceTree = "<group>";
		};
		A0C81B5E28C07D6E00F46E1D /* Models */ = {
			isa = PBXGroup;
			children = (
				A0C81B5F28C07D7500F46E1D /* Feature.swift */,
				A0C81B6128C07D8700F46E1D /* FeatureType.swift */,
			);
			path = Models;
			sourceTree = "<group>";
		};
/* End PBXGroup section */

/* Begin PBXNativeTarget section */
		A072717128BA4B1300D354DC /* iOS16-SwiftUI-Showdown */ = {
			isa = PBXNativeTarget;
			buildConfigurationList = A072718128BA4B1400D354DC /* Build configuration list for PBXNativeTarget "iOS16-SwiftUI-Showdown" */;
			buildPhases = (
				A072716E28BA4B1300D354DC /* Sources */,
				A072716F28BA4B1300D354DC /* Frameworks */,
				A072717028BA4B1300D354DC /* Resources */,
				A0EE251E28C49BAF00DA5698 /* SwiftLint */,
			);
			buildRules = (
			);
			dependencies = (
			);
			name = "iOS16-SwiftUI-Showdown";
			productName = "iOS16-SwiftUI-Showdown";
			productReference = A072717228BA4B1300D354DC /* iOS16-SwiftUI-Showdown.app */;
			productType = "com.apple.product-type.application";
		};
/* End PBXNativeTarget section */

/* Begin PBXProject section */
		A072716A28BA4B1300D354DC /* Project object */ = {
			isa = PBXProject;
			attributes = {
				BuildIndependentTargetsInParallel = 1;
				LastSwiftUpdateCheck = 1400;
				LastUpgradeCheck = 1400;
				TargetAttributes = {
					A072717128BA4B1300D354DC = {
						CreatedOnToolsVersion = 14.0;
					};
				};
			};
			buildConfigurationList = A072716D28BA4B1300D354DC /* Build configuration list for PBXProject "iOS16-SwiftUI-Showdown" */;
			compatibilityVersion = "Xcode 14.0";
			developmentRegion = en;
			hasScannedForEncodings = 0;
			knownRegions = (
				en,
				Base,
			);
			mainGroup = A072716928BA4B1300D354DC;
			productRefGroup = A072717328BA4B1300D354DC /* Products */;
			projectDirPath = "";
			projectRoot = "";
			targets = (
				A072717128BA4B1300D354DC /* iOS16-SwiftUI-Showdown */,
			);
		};
/* End PBXProject section */

/* Begin PBXResourcesBuildPhase section */
		A072717028BA4B1300D354DC /* Resources */ = {
			isa = PBXResourcesBuildPhase;
			buildActionMask = 2147483647;
			files = (
				A0EE252028C49E6B00DA5698 /* README.md in Resources */,
				A072717E28BA4B1400D354DC /* Preview Assets.xcassets in Resources */,
				A072717A28BA4B1400D354DC /* Assets.xcassets in Resources */,
			);
			runOnlyForDeploymentPostprocessing = 0;
		};
/* End PBXResourcesBuildPhase section */

/* Begin PBXShellScriptBuildPhase section */
		A0EE251E28C49BAF00DA5698 /* SwiftLint */ = {
			isa = PBXShellScriptBuildPhase;
			alwaysOutOfDate = 1;
			buildActionMask = 2147483647;
			files = (
			);
			inputFileListPaths = (
			);
			inputPaths = (
			);
			name = SwiftLint;
			outputFileListPaths = (
			);
			outputPaths = (
			);
			runOnlyForDeploymentPostprocessing = 0;
			shellPath = /bin/sh;
			shellScript = "export PATH=\"$PATH:/opt/homebrew/bin\"\nif which swiftlint > /dev/null; then\n  swiftlint\nelse\n  echo \"warning: SwiftLint not installed, download from https://github.com/realm/SwiftLint\"\nfi\n";
		};
/* End PBXShellScriptBuildPhase section */

/* Begin PBXSourcesBuildPhase section */
		A072716E28BA4B1300D354DC /* Sources */ = {
			isa = PBXSourcesBuildPhase;
			buildActionMask = 2147483647;
			files = (
				A0FAA4A128BB4B7900F2C87E /* JSONDecoder+Singleton.swift in Sources */,
				A0EE252228C49F3F00DA5698 /* TextFieldScreen.swift in Sources */,
				A0C81B6628C07E1000F46E1D /* GradientsAndShadowsScreen.swift in Sources */,
				A0EE251D28C4958200DA5698 /* ShareLinkScreen.swift in Sources */,
				A072718828BA779C00D354DC /* FeatureCell.swift in Sources */,
				A0EE252428C4E78600DA5698 /* GridScreen.swift in Sources */,
				A072718628BA768900D354DC /* ChartsScreen.swift in Sources */,
				A0C81B5D28C07D5A00F46E1D /* ContentViewModel.swift in Sources */,
				A0C81B6028C07D7500F46E1D /* Feature.swift in Sources */,
				A072717828BA4B1300D354DC /* ContentView.swift in Sources */,
				A072718A28BA8CAA00D354DC /* GaugeScreen.swift in Sources */,
				A0C81B6228C07D8700F46E1D /* FeatureType.swift in Sources */,
				A072717628BA4B1300D354DC /* iOS16_SwiftUI_ShowdownApp.swift in Sources */,
			);
			runOnlyForDeploymentPostprocessing = 0;
		};
/* End PBXSourcesBuildPhase section */

/* Begin XCBuildConfiguration section */
		A072717F28BA4B1400D354DC /* Debug */ = {
			isa = XCBuildConfiguration;
			buildSettings = {
				ALWAYS_SEARCH_USER_PATHS = NO;
				CLANG_ANALYZER_NONNULL = YES;
				CLANG_ANALYZER_NUMBER_OBJECT_CONVERSION = YES_AGGRESSIVE;
				CLANG_CXX_LANGUAGE_STANDARD = "gnu++20";
				CLANG_ENABLE_MODULES = YES;
				CLANG_ENABLE_OBJC_ARC = YES;
				CLANG_ENABLE_OBJC_WEAK = YES;
				CLANG_WARN_BLOCK_CAPTURE_AUTORELEASING = YES;
				CLANG_WARN_BOOL_CONVERSION = YES;
				CLANG_WARN_COMMA = YES;
				CLANG_WARN_CONSTANT_CONVERSION = YES;
				CLANG_WARN_DEPRECATED_OBJC_IMPLEMENTATIONS = YES;
				CLANG_WARN_DIRECT_OBJC_ISA_USAGE = YES_ERROR;
				CLANG_WARN_DOCUMENTATION_COMMENTS = YES;
				CLANG_WARN_EMPTY_BODY = YES;
				CLANG_WARN_ENUM_CONVERSION = YES;
				CLANG_WARN_INFINITE_RECURSION = YES;
				CLANG_WARN_INT_CONVERSION = YES;
				CLANG_WARN_NON_LITERAL_NULL_CONVERSION = YES;
				CLANG_WARN_OBJC_IMPLICIT_RETAIN_SELF = YES;
				CLANG_WARN_OBJC_LITERAL_CONVERSION = YES;
				CLANG_WARN_OBJC_ROOT_CLASS = YES_ERROR;
				CLANG_WARN_QUOTED_INCLUDE_IN_FRAMEWORK_HEADER = YES;
				CLANG_WARN_RANGE_LOOP_ANALYSIS = YES;
				CLANG_WARN_STRICT_PROTOTYPES = YES;
				CLANG_WARN_SUSPICIOUS_MOVE = YES;
				CLANG_WARN_UNGUARDED_AVAILABILITY = YES_AGGRESSIVE;
				CLANG_WARN_UNREACHABLE_CODE = YES;
				CLANG_WARN__DUPLICATE_METHOD_MATCH = YES;
				COPY_PHASE_STRIP = NO;
				DEBUG_INFORMATION_FORMAT = dwarf;
				ENABLE_STRICT_OBJC_MSGSEND = YES;
				ENABLE_TESTABILITY = YES;
				GCC_C_LANGUAGE_STANDARD = gnu11;
				GCC_DYNAMIC_NO_PIC = NO;
				GCC_NO_COMMON_BLOCKS = YES;
				GCC_OPTIMIZATION_LEVEL = 0;
				GCC_PREPROCESSOR_DEFINITIONS = (
					"DEBUG=1",
					"$(inherited)",
				);
				GCC_WARN_64_TO_32_BIT_CONVERSION = YES;
				GCC_WARN_ABOUT_RETURN_TYPE = YES_ERROR;
				GCC_WARN_UNDECLARED_SELECTOR = YES;
				GCC_WARN_UNINITIALIZED_AUTOS = YES_AGGRESSIVE;
				GCC_WARN_UNUSED_FUNCTION = YES;
				GCC_WARN_UNUSED_VARIABLE = YES;
				MTL_ENABLE_DEBUG_INFO = INCLUDE_SOURCE;
				MTL_FAST_MATH = YES;
				ONLY_ACTIVE_ARCH = YES;
				SWIFT_ACTIVE_COMPILATION_CONDITIONS = DEBUG;
				SWIFT_OPTIMIZATION_LEVEL = "-Onone";
			};
			name = Debug;
		};
		A072718028BA4B1400D354DC /* Release */ = {
			isa = XCBuildConfiguration;
			buildSettings = {
				ALWAYS_SEARCH_USER_PATHS = NO;
				CLANG_ANALYZER_NONNULL = YES;
				CLANG_ANALYZER_NUMBER_OBJECT_CONVERSION = YES_AGGRESSIVE;
				CLANG_CXX_LANGUAGE_STANDARD = "gnu++20";
				CLANG_ENABLE_MODULES = YES;
				CLANG_ENABLE_OBJC_ARC = YES;
				CLANG_ENABLE_OBJC_WEAK = YES;
				CLANG_WARN_BLOCK_CAPTURE_AUTORELEASING = YES;
				CLANG_WARN_BOOL_CONVERSION = YES;
				CLANG_WARN_COMMA = YES;
				CLANG_WARN_CONSTANT_CONVERSION = YES;
				CLANG_WARN_DEPRECATED_OBJC_IMPLEMENTATIONS = YES;
				CLANG_WARN_DIRECT_OBJC_ISA_USAGE = YES_ERROR;
				CLANG_WARN_DOCUMENTATION_COMMENTS = YES;
				CLANG_WARN_EMPTY_BODY = YES;
				CLANG_WARN_ENUM_CONVERSION = YES;
				CLANG_WARN_INFINITE_RECURSION = YES;
				CLANG_WARN_INT_CONVERSION = YES;
				CLANG_WARN_NON_LITERAL_NULL_CONVERSION = YES;
				CLANG_WARN_OBJC_IMPLICIT_RETAIN_SELF = YES;
				CLANG_WARN_OBJC_LITERAL_CONVERSION = YES;
				CLANG_WARN_OBJC_ROOT_CLASS = YES_ERROR;
				CLANG_WARN_QUOTED_INCLUDE_IN_FRAMEWORK_HEADER = YES;
				CLANG_WARN_RANGE_LOOP_ANALYSIS = YES;
				CLANG_WARN_STRICT_PROTOTYPES = YES;
				CLANG_WARN_SUSPICIOUS_MOVE = YES;
				CLANG_WARN_UNGUARDED_AVAILABILITY = YES_AGGRESSIVE;
				CLANG_WARN_UNREACHABLE_CODE = YES;
				CLANG_WARN__DUPLICATE_METHOD_MATCH = YES;
				COPY_PHASE_STRIP = NO;
				DEBUG_INFORMATION_FORMAT = "dwarf-with-dsym";
				ENABLE_NS_ASSERTIONS = NO;
				ENABLE_STRICT_OBJC_MSGSEND = YES;
				GCC_C_LANGUAGE_STANDARD = gnu11;
				GCC_NO_COMMON_BLOCKS = YES;
				GCC_WARN_64_TO_32_BIT_CONVERSION = YES;
				GCC_WARN_ABOUT_RETURN_TYPE = YES_ERROR;
				GCC_WARN_UNDECLARED_SELECTOR = YES;
				GCC_WARN_UNINITIALIZED_AUTOS = YES_AGGRESSIVE;
				GCC_WARN_UNUSED_FUNCTION = YES;
				GCC_WARN_UNUSED_VARIABLE = YES;
				MTL_ENABLE_DEBUG_INFO = NO;
				MTL_FAST_MATH = YES;
				SWIFT_COMPILATION_MODE = wholemodule;
				SWIFT_OPTIMIZATION_LEVEL = "-O";
			};
			name = Release;
		};
		A072718228BA4B1400D354DC /* Debug */ = {
			isa = XCBuildConfiguration;
			buildSettings = {
				ASSETCATALOG_COMPILER_APPICON_NAME = AppIcon;
				ASSETCATALOG_COMPILER_GLOBAL_ACCENT_COLOR_NAME = AccentColor;
				CODE_SIGN_ENTITLEMENTS = "iOS16-SwiftUI-Showdown/iOS16_SwiftUI_Showdown.entitlements";
				CODE_SIGN_STYLE = Automatic;
				CURRENT_PROJECT_VERSION = 1;
				DEVELOPMENT_ASSET_PATHS = "\"iOS16-SwiftUI-Showdown/Preview Content\"";
				DEVELOPMENT_TEAM = 7KN966P9LP;
				ENABLE_HARDENED_RUNTIME = YES;
				ENABLE_PREVIEWS = YES;
				GENERATE_INFOPLIST_FILE = YES;
				INFOPLIST_FILE = "iOS16-SwiftUI-Showdown/Info.plist";
				"INFOPLIST_KEY_UIApplicationSceneManifest_Generation[sdk=iphoneos*]" = YES;
				"INFOPLIST_KEY_UIApplicationSceneManifest_Generation[sdk=iphonesimulator*]" = YES;
				"INFOPLIST_KEY_UIApplicationSupportsIndirectInputEvents[sdk=iphoneos*]" = YES;
				"INFOPLIST_KEY_UIApplicationSupportsIndirectInputEvents[sdk=iphonesimulator*]" = YES;
				"INFOPLIST_KEY_UILaunchScreen_Generation[sdk=iphoneos*]" = YES;
				"INFOPLIST_KEY_UILaunchScreen_Generation[sdk=iphonesimulator*]" = YES;
				"INFOPLIST_KEY_UIStatusBarStyle[sdk=iphoneos*]" = UIStatusBarStyleDefault;
				"INFOPLIST_KEY_UIStatusBarStyle[sdk=iphonesimulator*]" = UIStatusBarStyleDefault;
				INFOPLIST_KEY_UISupportedInterfaceOrientations_iPad = "UIInterfaceOrientationPortrait UIInterfaceOrientationPortraitUpsideDown UIInterfaceOrientationLandscapeLeft UIInterfaceOrientationLandscapeRight";
				INFOPLIST_KEY_UISupportedInterfaceOrientations_iPhone = "UIInterfaceOrientationPortrait UIInterfaceOrientationLandscapeLeft UIInterfaceOrientationLandscapeRight";
				IPHONEOS_DEPLOYMENT_TARGET = 16.0;
				LD_RUNPATH_SEARCH_PATHS = "@executable_path/Frameworks";
				"LD_RUNPATH_SEARCH_PATHS[sdk=macosx*]" = "@executable_path/../Frameworks";
				MACOSX_DEPLOYMENT_TARGET = 13.0;
				MARKETING_VERSION = 1.0;
				PRODUCT_BUNDLE_IDENTIFIER = "com.lstachnik.iOS16-SwiftUI-Showdown";
				PRODUCT_NAME = "$(TARGET_NAME)";
				SDKROOT = auto;
				SUPPORTED_PLATFORMS = "iphoneos iphonesimulator macosx";
				SWIFT_EMIT_LOC_STRINGS = YES;
				SWIFT_VERSION = 5.0;
				TARGETED_DEVICE_FAMILY = "1,2";
			};
			name = Debug;
		};
		A072718328BA4B1400D354DC /* Release */ = {
			isa = XCBuildConfiguration;
			buildSettings = {
				ASSETCATALOG_COMPILER_APPICON_NAME = AppIcon;
				ASSETCATALOG_COMPILER_GLOBAL_ACCENT_COLOR_NAME = AccentColor;
				CODE_SIGN_ENTITLEMENTS = "iOS16-SwiftUI-Showdown/iOS16_SwiftUI_Showdown.entitlements";
				CODE_SIGN_STYLE = Automatic;
				CURRENT_PROJECT_VERSION = 1;
				DEVELOPMENT_ASSET_PATHS = "\"iOS16-SwiftUI-Showdown/Preview Content\"";
				DEVELOPMENT_TEAM = 7KN966P9LP;
				ENABLE_HARDENED_RUNTIME = YES;
				ENABLE_PREVIEWS = YES;
				GENERATE_INFOPLIST_FILE = YES;
				INFOPLIST_FILE = "iOS16-SwiftUI-Showdown/Info.plist";
				"INFOPLIST_KEY_UIApplicationSceneManifest_Generation[sdk=iphoneos*]" = YES;
				"INFOPLIST_KEY_UIApplicationSceneManifest_Generation[sdk=iphonesimulator*]" = YES;
				"INFOPLIST_KEY_UIApplicationSupportsIndirectInputEvents[sdk=iphoneos*]" = YES;
				"INFOPLIST_KEY_UIApplicationSupportsIndirectInputEvents[sdk=iphonesimulator*]" = YES;
				"INFOPLIST_KEY_UILaunchScreen_Generation[sdk=iphoneos*]" = YES;
				"INFOPLIST_KEY_UILaunchScreen_Generation[sdk=iphonesimulator*]" = YES;
				"INFOPLIST_KEY_UIStatusBarStyle[sdk=iphoneos*]" = UIStatusBarStyleDefault;
				"INFOPLIST_KEY_UIStatusBarStyle[sdk=iphonesimulator*]" = UIStatusBarStyleDefault;
				INFOPLIST_KEY_UISupportedInterfaceOrientations_iPad = "UIInterfaceOrientationPortrait UIInterfaceOrientationPortraitUpsideDown UIInterfaceOrientationLandscapeLeft UIInterfaceOrientationLandscapeRight";
				INFOPLIST_KEY_UISupportedInterfaceOrientations_iPhone = "UIInterfaceOrientationPortrait UIInterfaceOrientationLandscapeLeft UIInterfaceOrientationLandscapeRight";
				IPHONEOS_DEPLOYMENT_TARGET = 16.0;
				LD_RUNPATH_SEARCH_PATHS = "@executable_path/Frameworks";
				"LD_RUNPATH_SEARCH_PATHS[sdk=macosx*]" = "@executable_path/../Frameworks";
				MACOSX_DEPLOYMENT_TARGET = 13.0;
				MARKETING_VERSION = 1.0;
				PRODUCT_BUNDLE_IDENTIFIER = "com.lstachnik.iOS16-SwiftUI-Showdown";
				PRODUCT_NAME = "$(TARGET_NAME)";
				SDKROOT = auto;
				SUPPORTED_PLATFORMS = "iphoneos iphonesimulator macosx";
				SWIFT_EMIT_LOC_STRINGS = YES;
				SWIFT_VERSION = 5.0;
				TARGETED_DEVICE_FAMILY = "1,2";
			};
			name = Release;
		};
/* End XCBuildConfiguration section */

/* Begin XCConfigurationList section */
		A072716D28BA4B1300D354DC /* Build configuration list for PBXProject "iOS16-SwiftUI-Showdown" */ = {
			isa = XCConfigurationList;
			buildConfigurations = (
				A072717F28BA4B1400D354DC /* Debug */,
				A072718028BA4B1400D354DC /* Release */,
			);
			defaultConfigurationIsVisible = 0;
			defaultConfigurationName = Release;
		};
		A072718128BA4B1400D354DC /* Build configuration list for PBXNativeTarget "iOS16-SwiftUI-Showdown" */ = {
			isa = XCConfigurationList;
			buildConfigurations = (
				A072718228BA4B1400D354DC /* Debug */,
				A072718328BA4B1400D354DC /* Release */,
			);
			defaultConfigurationIsVisible = 0;
			defaultConfigurationName = Release;
		};
/* End XCConfigurationList section */
	};
	rootObject = A072716A28BA4B1300D354DC /* Project object */;
}
